# Stand: v2.2.60 / 19. August 2026
# BudgetManager — Release-Lockfile (Runtime)
# Vollständig transitiv gepinnt; SHA-256-Hashes für die unterstützten
# Release-Ziele: Linux x86_64 und Windows x86_64, Python 3.12/3.13.
# Installation: python -m pip install --require-hashes -r requirements.lock
# Generierung: pip --dry-run --report je Zielplattform + tools/verify_hashed_lock.py

--only-binary=:all:

certifi==2026.6.17 \
    --hash=sha256:2227dcbaafe0d2f59279d1762ddddc37783ed4354594f194ffc31d20f41fc3db

cffi==2.1.0 \
    --hash=sha256:1e9f50d192a3e525b15a75ab5114e442d83d657b7ec29182a991bc9a88fd3a66 \
    --hash=sha256:799416bae98336e400981ff6e532d67d5c709cfb30afb79865a1315f94b0e224 \
    --hash=sha256:c97f080ea627e2863524c5af3836e2270b5f5dfff1f104392b959f8df0c5d384

charset-normalizer==3.4.9 \
    --hash=sha256:4b3dac63058cc36820b0dd072f89898604e2d39686fe05321729d00d8ac185a0 \
    --hash=sha256:5e226f6218febc71f6c1fc2fafb91c226f75bdc1d8fb12d66823716e891608fd \
    --hash=sha256:84fd18bcc17526fc2b3c1af7d2b9217d32c9c04448c16ec693b9b4f1985c3d33

cryptography==50.0.0 \
    --hash=sha256:82148ec5bddac30b51a5b3c1945075f896fa022cb93f8e4a01e9f6ee95292c5f \
    --hash=sha256:bd1c592e4d5974f0d08d4888e432157adba757c66da0246918e43677fafa2d30

defusedxml==0.7.1 \
    --hash=sha256:a352e7e428770286cc899e2542b6cdaedb2b4953ff269a210103ec58f6198a61

et_xmlfile==2.0.0 \
    --hash=sha256:7a91720bc756843502c3b7504c77b8fe44217c85c537d85037f0f536151b2caa

idna==3.18 \
    --hash=sha256:7f952cbe720b688055e3f87de14f5c3e5fdaa8bc3928985c4077ca689de849a2

openpyxl==3.1.5 \
    --hash=sha256:5282c12b107bffeef825f4617dc029afaf41d0ea60823bbb665ef3079dc79de2

packaging==26.2 \
    --hash=sha256:5fc45236b9446107ff2415ce77c807cee2862cb6fac22b8a73826d0693b0980e

pycparser==3.0 \
    --hash=sha256:b727414169a36b7d524c1c3e31839a521725078d7b2ff038656844266160a992

PySide6==6.10.3 \
    --hash=sha256:36a12f000622e77ef0d98597d2640ae8775954ed900b578eacb6c9fca6cf78fb \
    --hash=sha256:c7847e4ae7b1aef1aad822ca7f175c2100c4f9f3af679125cbbdf2b364b32007

PySide6_Addons==6.10.3 \
    --hash=sha256:a9a53a824ba8429953345c89a2dd5dc65d1f1d7e88b6cf1b975a6ef4f4d9760f \
    --hash=sha256:b465b38d1ec3476a9197441fe6a62a1fac97c45a8094f11c2d7e318aee1e3fb3

PySide6_Essentials==6.10.3 \
    --hash=sha256:051a70e2df79cf1c012a208ad82a98e8de23ca7fe3b0f3344d07152d15705b59 \
    --hash=sha256:5fb32b48010f513335a2166ac3df279c5996fb96402fd91a4875fc717fe55de0

requests==2.34.2 \
    --hash=sha256:2a0d60c172f83ac6ab31e4554906c0f3b3588d37b5cb939b1c061f4907e278e0

shiboken6==6.10.3 \
    --hash=sha256:38261c88e87a1c32d1302b642b755470d2369c78af3c7d7d9e95d631f79b556c \
    --hash=sha256:99e8ac3319a2c93a4a8f8bb4512d71a9d43bc9f226f094a80a728d6dcc3e4826

urllib3==2.7.0 \
    --hash=sha256:9fb4c81ebbb1ce9531cce37674bbc6f1360472bc18ca9a553ede278ef7276897
