# Stand: v3.0.0 / 23. August 2026
# BudgetManager — Release-Lockfile (Entwicklung und Tests)
# Vollständig transitiv gepinnt; SHA-256-Hashes für die unterstützten
# Release-Ziele: Linux x86_64 und Windows x86_64, Python 3.12/3.13.
# Installation: python -m pip install --require-hashes -r requirements-dev.lock
# Generierung: pip --dry-run --report je Zielplattform + tools/verify_hashed_lock.py

--only-binary=:all:

bandit==1.9.4 \
    --hash=sha256:f89ffa663767f5a0585ea075f01020207e966a9c0f2b9ef56a57c7963a3f6f8e

black==25.1.0 \
    --hash=sha256:030b9759066a4ee5e5aca28c3c77f9c64789cdd4de8ac1df642c40b708be6171 \
    --hash=sha256:3b48735872ec535027d979e8dcb20bf4f70b5ac75a8ea99f127c106a7d7aba9f \
    --hash=sha256:ea0213189960bda9cf99be5b8c8ce66bb054af5e9e861249cd23471bd7b0b3ba

boolean.py==5.0 \
    --hash=sha256:ef28a70bd43115208441b53a045d1549e2f0ec6e3d08a9d142cbc41c1938e8d9

build==1.5.0 \
    --hash=sha256:13f3eecb844759ab66efec90ca17639bbf14dc06cb2fdf37a9010322d9c50a6f

CacheControl==0.14.4 \
    --hash=sha256:b7ac014ff72ee199b5f8af1de29d60239954f223e948196fa3d84adaffc71d2b

certifi==2026.6.17 \
    --hash=sha256:2227dcbaafe0d2f59279d1762ddddc37783ed4354594f194ffc31d20f41fc3db

cffi==2.1.0 \
    --hash=sha256:1e9f50d192a3e525b15a75ab5114e442d83d657b7ec29182a991bc9a88fd3a66 \
    --hash=sha256:799416bae98336e400981ff6e532d67d5c709cfb30afb79865a1315f94b0e224 \
    --hash=sha256:c97f080ea627e2863524c5af3836e2270b5f5dfff1f104392b959f8df0c5d384

charset-normalizer==3.4.9 \
    --hash=sha256:4b3dac63058cc36820b0dd072f89898604e2d39686fe05321729d00d8ac185a0 \
    --hash=sha256:5e226f6218febc71f6c1fc2fafb91c226f75bdc1d8fb12d66823716e891608fd \
    --hash=sha256:84fd18bcc17526fc2b3c1af7d2b9217d32c9c04448c16ec693b9b4f1985c3d33

click==8.4.2 \
    --hash=sha256:e6f9f66136c816745b9d65817da91d61d957fb16e02e4dcd0552553c5a197b76

coverage==7.15.2 \
    --hash=sha256:582edc45c2040543fef83341be23c43024a3ab3ae0c2d8bc498a06282905ad40 \
    --hash=sha256:68af907f595ab01a78f794932ff3bdf929c316d3000810d38dbc247129e26f8b \
    --hash=sha256:7dc2950a2992cd676d35c20ae63522836deeb034f08874699d14068710af3dc1

cryptography==50.0.0 \
    --hash=sha256:82148ec5bddac30b51a5b3c1945075f896fa022cb93f8e4a01e9f6ee95292c5f \
    --hash=sha256:bd1c592e4d5974f0d08d4888e432157adba757c66da0246918e43677fafa2d30

cyclonedx-python-lib==11.11.0 \
    --hash=sha256:3049fc83e06a059b5c5907a527625a8ed5073caab10607ed4c9e5503b590fd44

defusedxml==0.7.1 \
    --hash=sha256:a352e7e428770286cc899e2542b6cdaedb2b4953ff269a210103ec58f6198a61

et_xmlfile==2.0.0 \
    --hash=sha256:7a91720bc756843502c3b7504c77b8fe44217c85c537d85037f0f536151b2caa

filelock==3.31.0 \
    --hash=sha256:739b73e580fe88bb78d830aeddbc492519ece3d97ac8368de13a2032c61010c1

idna==3.18 \
    --hash=sha256:7f952cbe720b688055e3f87de14f5c3e5fdaa8bc3928985c4077ca689de849a2

iniconfig==2.3.0 \
    --hash=sha256:f631c04d2c48c52b84d0d0549c99ff3859c98df65b3101406327ecc7d53fbf12

license-expression==30.4.4 \
    --hash=sha256:421788fdcadb41f049d2dc934ce666626265aeccefddd25e162a26f23bcbf8a4

markdown-it-py==4.2.0 \
    --hash=sha256:9f7ebbcd14fe59494226453aed97c1070d83f8d24b6fc3a3bcf9a38092641c4a

mdurl==0.1.2 \
    --hash=sha256:84008a41e51615a49fc9966191ff91509e3c40b939176e643fd50a5c2196b8f8

msgpack==1.2.1 \
    --hash=sha256:020e881a764b20d8d7ca1a54fc01b8175519d108e3c3f194fddc200bda95951a \
    --hash=sha256:5c24aa15d5963051e1a5c62b12c50cd705992502b5ec1f3bece6046f33c9fc24 \
    --hash=sha256:787c9bebb5833e8f6fc8abca3c0597683d8d87f56a8842b6b89c75a5f3176e2d

mistune==3.3.4 \
    --hash=sha256:ee015381e955e370962968befe1d729ab60fafb6a715ac6751763fbce38c8d4a

mypy==1.15.0 \
    --hash=sha256:171a9ca9a40cd1843abeca0e405bc1940cd9b305eaeea2dda769ba096932bb22 \
    --hash=sha256:8023ff13985661b50a5928fc7a5ca15f3d1affb41e5f0a9952cb68ef090b31ee \
    --hash=sha256:c43a7682e24b4f576d93072216bf56eeff70d9140241f9edec0c104d0c515036

mypy_extensions==1.1.0 \
    --hash=sha256:1be4cccdb0f2482337c4743e60421de3a356cd97508abadd57d47403e94f5505

openpyxl==3.1.5 \
    --hash=sha256:5282c12b107bffeef825f4617dc029afaf41d0ea60823bbb665ef3079dc79de2

packageurl-python==0.17.6 \
    --hash=sha256:31a85c2717bc41dd818f3c62908685ff9eebcb68588213745b14a6ee9e7df7c9

packaging==26.3 \
    --hash=sha256:d7193f7c8e4e93f444fde0262bf90af30e16fa0ad0ad44cb553c87339b23cd1c

pathspec==1.1.1 \
    --hash=sha256:a00ce642f577bf7f473932318056212bc4f8bfdf53128c78bbd5af0b9b20b189

pip==26.1.2 \
    --hash=sha256:382ff9f685ee3bc25864f820aa50505825f10f5458ffff07e30a6d96e5715cab

pip-api==0.0.34 \
    --hash=sha256:8b2d7d7c37f2447373aa2cf8b1f60a2f2b27a84e1e9e0294a3f6ef10eb3ba6bb

pip_audit==2.10.1 \
    --hash=sha256:99ef3f600a317c1945f1e89e227ef26e1c2d618429b8bd3fa6f4f7c440c4611a

pip-requirements-parser==32.0.1 \
    --hash=sha256:4659bc2a667783e7a15d190f6fccf8b2486685b6dba4c19c3876314769c57526

pip-tools==7.5.2 \
    --hash=sha256:2fe16db727bbe5bf28765aeb581e792e61be51fc275545ef6725374ad720a1ce

platformdirs==4.10.1 \
    --hash=sha256:0e4eff26be2d75293977f7cddc153fd9b8eaa7fb0c7b64ffe4076cb443117443

pluggy==1.6.0 \
    --hash=sha256:e920276dd6813095e9377c0bc5566d94c932c33b27a3e3945d8389c374dd4746

py-serializable==2.1.0 \
    --hash=sha256:b56d5d686b5a03ba4f4db5e769dc32336e142fc3bd4d68a8c25579ebb0a67304

pycparser==3.0 \
    --hash=sha256:b727414169a36b7d524c1c3e31839a521725078d7b2ff038656844266160a992

pypdf==6.16.1 \
    --hash=sha256:63fec31c4092ae50b6729beedcb469055b60d20c834bde1c402df241f371f644

Pygments==2.20.0 \
    --hash=sha256:81a9e26dd42fd28a23a2d169d86d7ac03b46e2f8b59ed4698fb4785f946d0176

pyparsing==3.3.2 \
    --hash=sha256:850ba148bd908d7e2411587e247a1e4f0327839c40e2e5e6d05a007ecc69911d

pyproject_hooks==1.2.0 \
    --hash=sha256:9e5c6bfa8dcc30091c74b0cf803c81fdd29d94f01992a7707bc97babb1141913

PySide6==6.11.1 \
    --hash=sha256:0968877ab1fb4ef3587a284da6fe05e8647ada56a6a3750b6395188e01f4aba6 \
    --hash=sha256:b1fc521ba2bb5109425ab8add06bddbdd524abcad06cfa012cc39a22a189feb2

PySide6_Addons==6.11.1 \
    --hash=sha256:0d13c4dfd671b050a48e4f8d8ddc724b7248f9c0437e7fc47fdf316278572923 \
    --hash=sha256:8e6c65fbd73a512d6f72cda8d8277444a85a34dc99dd1dae9c21d35b8671bb1f

PySide6_Essentials==6.11.1 \
    --hash=sha256:63311bd48e32c584599ab04b9ef7c324082374cd2c9fa533f978fb893bb47e40 \
    --hash=sha256:e3ef7027b41e4e55fadb56e3b3257dc8ee92154b639fe67fc4c8e05e9d976c60

pytest==9.1.1 \
    --hash=sha256:37a86b45efb9a47a61a36449063e8e18d0cab3161329fc099eb21783169c4f0c

pytest-cov==7.1.0 \
    --hash=sha256:a0461110b7865f9a271aa1b51e516c9a95de9d696734a2f71e3e78f46e1d4678

PyYAML==6.0.3 \
    --hash=sha256:0f29edc409a6392443abf94b9cf89ce99889a1dd5376d94316ae5145dfedd5d6 \
    --hash=sha256:5fcd34e47f6e0b794d17de1b4ff496c00986e1c83f7ab2fb8fcfe9616ff7477b \
    --hash=sha256:ba1cc08a7ccde2d2ec775841541641e4548226580ab850948cbfda66a1befcdc

requests==2.34.2 \
    --hash=sha256:2a0d60c172f83ac6ab31e4554906c0f3b3588d37b5cb939b1c061f4907e278e0

rich==15.0.0 \
    --hash=sha256:33bd4ef74232fb73fe9279a257718407f169c09b78a87ad3d296f548e27de0bb

ruff==0.16.3 \
    --hash=sha256:294b95c4ae0cda9388525c2047778aa758d6b8d4bb876fd4e9eaa3ebc92343eb \
    --hash=sha256:e80a7d69ca2a6d1c4d352ec91458cdca6e56c83cdbcabd93e4abe1e53591d948

setuptools==83.0.0 \
    --hash=sha256:29b23c360f22f414dc7336bb39178cc7bcbf6021ed2733cde173f09dba19abb3

shiboken6==6.11.1 \
    --hash=sha256:9a8bccfafc8805254cabcfa1edfaf55cd52889f4998c91ad0d9a4433fb1bcdbe \
    --hash=sha256:c2c6863aa80ec18c0f82cea3417837b279cdc60024ac17123461dc9042577df7

sortedcontainers==2.4.0 \
    --hash=sha256:a163dcaede0f1c021485e957a39245190e74249897e2ae4b2aa38595db237ee0

stevedore==5.9.0 \
    --hash=sha256:e520945d4c257700eddc1eb1d79df04b2ea578eef185e0e3fa5b442fc848d3f7

tomli==2.4.1 \
    --hash=sha256:136443dbd7e1dee43c68ac2694fde36b2849865fa258d39bf822c10e8068eac5 \
    --hash=sha256:52c8ef851d9a240f11a88c003eacb03c31fc1c9c4ec64a99a0f922b93874fda9 \
    --hash=sha256:f3c6818a1a86dd6dca7ddcaaf76947d5ba31aecc28cb1b67009a5877c9a64f3f

tomli_w==1.2.0 \
    --hash=sha256:188306098d013b691fcadc011abd66727d3c414c571bb01b1a174ba8c983cf90

typing_extensions==4.16.0 \
    --hash=sha256:481caa481374e813c1b176ada14e97f1f67a4539ce9cfeb3f350d78d6370c2e8

urllib3==2.7.0 \
    --hash=sha256:9fb4c81ebbb1ce9531cce37674bbc6f1360472bc18ca9a553ede278ef7276897

wheel==0.47.0 \
    --hash=sha256:212281cab4dff978f6cedd499cd893e1f620791ca6ff7107cf270781e587eced
